// !$*UTF8*$!
{
	archiveVersion = 1;
	classes = {
	};
	objectVersion = 56;
	objects = {

/* Begin PBXBuildFile section */
		041C1CF72C493BB700B4BE75 /* CustomCircleView.swift in Sources */ = {isa = PBXBuildFile; fileRef = 041C1CF62C493BB700B4BE75 /* CustomCircleView.swift */; };
		041C1CF92C493D4B00B4BE75 /* MotionAnimation.swift in Sources */ = {isa = PBXBuildFile; fileRef = 041C1CF82C493D4B00B4BE75 /* MotionAnimation.swift */; };
		041C1CFC2C4944B600B4BE75 /* SettingsView.swift in Sources */ = {isa = PBXBuildFile; fileRef = 041C1CFB2C4944B600B4BE75 /* SettingsView.swift */; };
		046AFAB72C2EC30D008E5454 /* HikeAppApp.swift in Sources */ = {isa = PBXBuildFile; fileRef = 046AFAB62C2EC30D008E5454 /* HikeAppApp.swift */; };
		046AFAB92C2EC30D008E5454 /* ContentView.swift in Sources */ = {isa = PBXBuildFile; fileRef = 046AFAB82C2EC30D008E5454 /* ContentView.swift */; };
		046AFABB2C2EC30E008E5454 /* Assets.xcassets in Resources */ = {isa = PBXBuildFile; fileRef = 046AFABA2C2EC30E008E5454 /* Assets.xcassets */; };
		046AFABE2C2EC30E008E5454 /* Preview Assets.xcassets in Resources */ = {isa = PBXBuildFile; fileRef = 046AFABD2C2EC30E008E5454 /* Preview Assets.xcassets */; };
		04906E872C3078B500A86192 /* Cardview.swift in Sources */ = {isa = PBXBuildFile; fileRef = 04906E862C3078B500A86192 /* Cardview.swift */; };
		04906E8A2C3079D500A86192 /* CustomBackground.swift in Sources */ = {isa = PBXBuildFile; fileRef = 04906E892C3079D500A86192 /* CustomBackground.swift */; };
		04906E8D2C307B4200A86192 /* ColorExtension.swift in Sources */ = {isa = PBXBuildFile; fileRef = 04906E8C2C307B4200A86192 /* ColorExtension.swift */; };
		04906E8F2C30878400A86192 /* CustomButtonView.swift in Sources */ = {isa = PBXBuildFile; fileRef = 04906E8E2C30878400A86192 /* CustomButtonView.swift */; };
		04906E912C308C6D00A86192 /* GradienButtonStyle.swift in Sources */ = {isa = PBXBuildFile; fileRef = 04906E902C308C6D00A86192 /* GradienButtonStyle.swift */; };
		04C19A442C52227200C7194D /* CustomListRowView.swift in Sources */ = {isa = PBXBuildFile; fileRef = 04C19A432C52227200C7194D /* CustomListRowView.swift */; };
/* End PBXBuildFile section */

/* Begin PBXFileReference section */
		041C1CF62C493BB700B4BE75 /* CustomCircleView.swift */ = {isa = PBXFileReference; lastKnownFileType = sourcecode.swift; path = CustomCircleView.swift; sourceTree = "<group>"; };
		041C1CF82C493D4B00B4BE75 /* MotionAnimation.swift */ = {isa = PBXFileReference; lastKnownFileType = sourcecode.swift; path = MotionAnimation.swift; sourceTree = "<group>"; };
		041C1CFB2C4944B600B4BE75 /* SettingsView.swift */ = {isa = PBXFileReference; lastKnownFileType = sourcecode.swift; path = SettingsView.swift; sourceTree = "<group>"; };
		046AFAB32C2EC30D008E5454 /* HikeApp.app */ = {isa = PBXFileReference; explicitFileType = wrapper.application; includeInIndex = 0; path = HikeApp.app; sourceTree = BUILT_PRODUCTS_DIR; };
		046AFAB62C2EC30D008E5454 /* HikeAppApp.swift */ = {isa = PBXFileReference; lastKnownFileType = sourcecode.swift; path = HikeAppApp.swift; sourceTree = "<group>"; };
		046AFAB82C2EC30D008E5454 /* ContentView.swift */ = {isa = PBXFileReference; lastKnownFileType = sourcecode.swift; path = ContentView.swift; sourceTree = "<group>"; };
		046AFABA2C2EC30E008E5454 /* Assets.xcassets */ = {isa = PBXFileReference; lastKnownFileType = folder.assetcatalog; path = Assets.xcassets; sourceTree = "<group>"; };
		046AFABD2C2EC30E008E5454 /* Preview Assets.xcassets */ = {isa = PBXFileReference; lastKnownFileType = folder.assetcatalog; path = "Preview Assets.xcassets"; sourceTree = "<group>"; };
		04906E862C3078B500A86192 /* Cardview.swift */ = {isa = PBXFileReference; lastKnownFileType = sourcecode.swift; path = Cardview.swift; sourceTree = "<group>"; };
		04906E892C3079D500A86192 /* CustomBackground.swift */ = {isa = PBXFileReference; lastKnownFileType = sourcecode.swift; path = CustomBackground.swift; sourceTree = "<group>"; };
		04906E8C2C307B4200A86192 /* ColorExtension.swift */ = {isa = PBXFileReference; lastKnownFileType = sourcecode.swift; path = ColorExtension.swift; sourceTree = "<group>"; };
		04906E8E2C30878400A86192 /* CustomButtonView.swift */ = {isa = PBXFileReference; lastKnownFileType = sourcecode.swift; path = CustomButtonView.swift; sourceTree = "<group>"; };
		04906E902C308C6D00A86192 /* GradienButtonStyle.swift */ = {isa = PBXFileReference; lastKnownFileType = sourcecode.swift; path = GradienButtonStyle.swift; sourceTree = "<group>"; };
		04C19A432C52227200C7194D /* CustomListRowView.swift */ = {isa = PBXFileReference; lastKnownFileType = sourcecode.swift; path = CustomListRowView.swift; sourceTree = "<group>"; };
/* End PBXFileReference section */

/* Begin PBXFrameworksBuildPhase section */
		046AFAB02C2EC30D008E5454 /* Frameworks */ = {
			isa = PBXFrameworksBuildPhase;
			buildActionMask = 2147483647;
			files = (
			);
			runOnlyForDeploymentPostprocessing = 0;
		};
/* End PBXFrameworksBuildPhase section */

/* Begin PBXGroup section */
		041C1CFA2C49449F00B4BE75 /* Screen */ = {
			isa = PBXGroup;
			children = (
				046AFAB82C2EC30D008E5454 /* ContentView.swift */,
				041C1CFB2C4944B600B4BE75 /* SettingsView.swift */,
			);
			path = Screen;
			sourceTree = "<group>";
		};
		046AFAAA2C2EC30D008E5454 = {
			isa = PBXGroup;
			children = (
				046AFAB52C2EC30D008E5454 /* HikeApp */,
				046AFAB42C2EC30D008E5454 /* Products */,
			);
			sourceTree = "<group>";
		};
		046AFAB42C2EC30D008E5454 /* Products */ = {
			isa = PBXGroup;
			children = (
				046AFAB32C2EC30D008E5454 /* HikeApp.app */,
			);
			name = Products;
			sourceTree = "<group>";
		};
		046AFAB52C2EC30D008E5454 /* HikeApp */ = {
			isa = PBXGroup;
			children = (
				04906E882C3079AE00A86192 /* Component */,
				04906E8B2C307B2800A86192 /* Utility */,
				046AFAB62C2EC30D008E5454 /* HikeAppApp.swift */,
				041C1CFA2C49449F00B4BE75 /* Screen */,
				046AFABA2C2EC30E008E5454 /* Assets.xcassets */,
				046AFABC2C2EC30E008E5454 /* Preview Content */,
			);
			path = HikeApp;
			sourceTree = "<group>";
		};
		046AFABC2C2EC30E008E5454 /* Preview Content */ = {
			isa = PBXGroup;
			children = (
				046AFABD2C2EC30E008E5454 /* Preview Assets.xcassets */,
			);
			path = "Preview Content";
			sourceTree = "<group>";
		};
		04906E882C3079AE00A86192 /* Component */ = {
			isa = PBXGroup;
			children = (
				04906E862C3078B500A86192 /* Cardview.swift */,
				04906E892C3079D500A86192 /* CustomBackground.swift */,
				04906E8E2C30878400A86192 /* CustomButtonView.swift */,
				041C1CF62C493BB700B4BE75 /* CustomCircleView.swift */,
				041C1CF82C493D4B00B4BE75 /* MotionAnimation.swift */,
				04C19A432C52227200C7194D /* CustomListRowView.swift */,
			);
			path = Component;
			sourceTree = "<group>";
		};
		04906E8B2C307B2800A86192 /* Utility */ = {
			isa = PBXGroup;
			children = (
				04906E8C2C307B4200A86192 /* ColorExtension.swift */,
				04906E902C308C6D00A86192 /* GradienButtonStyle.swift */,
			);
			path = Utility;
			sourceTree = "<group>";
		};
/* End PBXGroup section */

/* Begin PBXNativeTarget section */
		046AFAB22C2EC30D008E5454 /* HikeApp */ = {
			isa = PBXNativeTarget;
			buildConfigurationList = 046AFAC12C2EC30E008E5454 /* Build configuration list for PBXNativeTarget "HikeApp" */;
			buildPhases = (
				046AFAAF2C2EC30D008E5454 /* Sources */,
				046AFAB02C2EC30D008E5454 /* Frameworks */,
				046AFAB12C2EC30D008E5454 /* Resources */,
			);
			buildRules = (
			);
			dependencies = (
			);
			name = HikeApp;
			productName = HikeApp;
			productReference = 046AFAB32C2EC30D008E5454 /* HikeApp.app */;
			productType = "com.apple.product-type.application";
		};
/* End PBXNativeTarget section */

/* Begin PBXProject section */
		046AFAAB2C2EC30D008E5454 /* Project object */ = {
			isa = PBXProject;
			attributes = {
				BuildIndependentTargetsInParallel = 1;
				LastSwiftUpdateCheck = 1540;
				LastUpgradeCheck = 1540;
				TargetAttributes = {
					046AFAB22C2EC30D008E5454 = {
						CreatedOnToolsVersion = 15.4;
					};
				};
			};
			buildConfigurationList = 046AFAAE2C2EC30D008E5454 /* Build configuration list for PBXProject "HikeApp" */;
			compatibilityVersion = "Xcode 14.0";
			developmentRegion = en;
			hasScannedForEncodings = 0;
			knownRegions = (
				en,
				Base,
			);
			mainGroup = 046AFAAA2C2EC30D008E5454;
			productRefGroup = 046AFAB42C2EC30D008E5454 /* Products */;
			projectDirPath = "";
			projectRoot = "";
			targets = (
				046AFAB22C2EC30D008E5454 /* HikeApp */,
			);
		};
/* End PBXProject section */

/* Begin PBXResourcesBuildPhase section */
		046AFAB12C2EC30D008E5454 /* Resources */ = {
			isa = PBXResourcesBuildPhase;
			buildActionMask = 2147483647;
			files = (
				046AFABE2C2EC30E008E5454 /* Preview Assets.xcassets in Resources */,
				046AFABB2C2EC30E008E5454 /* Assets.xcassets in Resources */,
			);
			runOnlyForDeploymentPostprocessing = 0;
		};
/* End PBXResourcesBuildPhase section */

/* Begin PBXSourcesBuildPhase section */
		046AFAAF2C2EC30D008E5454 /* Sources */ = {
			isa = PBXSourcesBuildPhase;
			buildActionMask = 2147483647;
			files = (
				04906E8A2C3079D500A86192 /* CustomBackground.swift in Sources */,
				041C1CF72C493BB700B4BE75 /* CustomCircleView.swift in Sources */,
				04C19A442C52227200C7194D /* CustomListRowView.swift in Sources */,
				04906E912C308C6D00A86192 /* GradienButtonStyle.swift in Sources */,
				041C1CF92C493D4B00B4BE75 /* MotionAnimation.swift in Sources */,
				04906E872C3078B500A86192 /* Cardview.swift in Sources */,
				041C1CFC2C4944B600B4BE75 /* SettingsView.swift in Sources */,
				046AFAB92C2EC30D008E5454 /* ContentView.swift in Sources */,
				04906E8F2C30878400A86192 /* CustomButtonView.swift in Sources */,
				046AFAB72C2EC30D008E5454 /* HikeAppApp.swift in Sources */,
				04906E8D2C307B4200A86192 /* ColorExtension.swift in Sources */,
			);
			runOnlyForDeploymentPostprocessing = 0;
		};
/* End PBXSourcesBuildPhase section */

/* Begin XCBuildConfiguration section */
		046AFABF2C2EC30E008E5454 /* Debug */ = {
			isa = XCBuildConfiguration;
			buildSettings = {
				ALWAYS_SEARCH_USER_PATHS = NO;
				ASSETCATALOG_COMPILER_GENERATE_SWIFT_ASSET_SYMBOL_EXTENSIONS = YES;
				CLANG_ANALYZER_NONNULL = YES;
				CLANG_ANALYZER_NUMBER_OBJECT_CONVERSION = YES_AGGRESSIVE;
				CLANG_CXX_LANGUAGE_STANDARD = "gnu++20";
				CLANG_ENABLE_MODULES = YES;
				CLANG_ENABLE_OBJC_ARC = YES;
				CLANG_ENABLE_OBJC_WEAK = YES;
				CLANG_WARN_BLOCK_CAPTURE_AUTORELEASING = YES;
				CLANG_WARN_BOOL_CONVERSION = YES;
				CLANG_WARN_COMMA = YES;
				CLANG_WARN_CONSTANT_CONVERSION = YES;
				CLANG_WARN_DEPRECATED_OBJC_IMPLEMENTATIONS = YES;
				CLANG_WARN_DIRECT_OBJC_ISA_USAGE = YES_ERROR;
				CLANG_WARN_DOCUMENTATION_COMMENTS = YES;
				CLANG_WARN_EMPTY_BODY = YES;
				CLANG_WARN_ENUM_CONVERSION = YES;
				CLANG_WARN_INFINITE_RECURSION = YES;
				CLANG_WARN_INT_CONVERSION = YES;
				CLANG_WARN_NON_LITERAL_NULL_CONVERSION = YES;
				CLANG_WARN_OBJC_IMPLICIT_RETAIN_SELF = YES;
				CLANG_WARN_OBJC_LITERAL_CONVERSION = YES;
				CLANG_WARN_OBJC_ROOT_CLASS = YES_ERROR;
				CLANG_WARN_QUOTED_INCLUDE_IN_FRAMEWORK_HEADER = YES;
				CLANG_WARN_RANGE_LOOP_ANALYSIS = YES;
				CLANG_WARN_STRICT_PROTOTYPES = YES;
				CLANG_WARN_SUSPICIOUS_MOVE = YES;
				CLANG_WARN_UNGUARDED_AVAILABILITY = YES_AGGRESSIVE;
				CLANG_WARN_UNREACHABLE_CODE = YES;
				CLANG_WARN__DUPLICATE_METHOD_MATCH = YES;
				COPY_PHASE_STRIP = NO;
				DEBUG_INFORMATION_FORMAT = dwarf;
				ENABLE_STRICT_OBJC_MSGSEND = YES;
				ENABLE_TESTABILITY = YES;
				ENABLE_USER_SCRIPT_SANDBOXING = YES;
				GCC_C_LANGUAGE_STANDARD = gnu17;
				GCC_DYNAMIC_NO_PIC = NO;
				GCC_NO_COMMON_BLOCKS = YES;
				GCC_OPTIMIZATION_LEVEL = 0;
				GCC_PREPROCESSOR_DEFINITIONS = (
					"DEBUG=1",
					"$(inherited)",
				);
				GCC_WARN_64_TO_32_BIT_CONVERSION = YES;
				GCC_WARN_ABOUT_RETURN_TYPE = YES_ERROR;
				GCC_WARN_UNDECLARED_SELECTOR = YES;
				GCC_WARN_UNINITIALIZED_AUTOS = YES_AGGRESSIVE;
				GCC_WARN_UNUSED_FUNCTION = YES;
				GCC_WARN_UNUSED_VARIABLE = YES;
				IPHONEOS_DEPLOYMENT_TARGET = 17.5;
				LOCALIZATION_PREFERS_STRING_CATALOGS = YES;
				MTL_ENABLE_DEBUG_INFO = INCLUDE_SOURCE;
				MTL_FAST_MATH = YES;
				ONLY_ACTIVE_ARCH = YES;
				SDKROOT = iphoneos;
				SWIFT_ACTIVE_COMPILATION_CONDITIONS = "DEBUG $(inherited)";
				SWIFT_OPTIMIZATION_LEVEL = "-Onone";
			};
			name = Debug;
		};
		046AFAC02C2EC30E008E5454 /* Release */ = {
			isa = XCBuildConfiguration;
			buildSettings = {
				ALWAYS_SEARCH_USER_PATHS = NO;
				ASSETCATALOG_COMPILER_GENERATE_SWIFT_ASSET_SYMBOL_EXTENSIONS = YES;
				CLANG_ANALYZER_NONNULL = YES;
				CLANG_ANALYZER_NUMBER_OBJECT_CONVERSION = YES_AGGRESSIVE;
				CLANG_CXX_LANGUAGE_STANDARD = "gnu++20";
				CLANG_ENABLE_MODULES = YES;
				CLANG_ENABLE_OBJC_ARC = YES;
				CLANG_ENABLE_OBJC_WEAK = YES;
				CLANG_WARN_BLOCK_CAPTURE_AUTORELEASING = YES;
				CLANG_WARN_BOOL_CONVERSION = YES;
				CLANG_WARN_COMMA = YES;
				CLANG_WARN_CONSTANT_CONVERSION = YES;
				CLANG_WARN_DEPRECATED_OBJC_IMPLEMENTATIONS = YES;
				CLANG_WARN_DIRECT_OBJC_ISA_USAGE = YES_ERROR;
				CLANG_WARN_DOCUMENTATION_COMMENTS = YES;
				CLANG_WARN_EMPTY_BODY = YES;
				CLANG_WARN_ENUM_CONVERSION = YES;
				CLANG_WARN_INFINITE_RECURSION = YES;
				CLANG_WARN_INT_CONVERSION = YES;
				CLANG_WARN_NON_LITERAL_NULL_CONVERSION = YES;
				CLANG_WARN_OBJC_IMPLICIT_RETAIN_SELF = YES;
				CLANG_WARN_OBJC_LITERAL_CONVERSION = YES;
				CLANG_WARN_OBJC_ROOT_CLASS = YES_ERROR;
				CLANG_WARN_QUOTED_INCLUDE_IN_FRAMEWORK_HEADER = YES;
				CLANG_WARN_RANGE_LOOP_ANALYSIS = YES;
				CLANG_WARN_STRICT_PROTOTYPES = YES;
				CLANG_WARN_SUSPICIOUS_MOVE = YES;
				CLANG_WARN_UNGUARDED_AVAILABILITY = YES_AGGRESSIVE;
				CLANG_WARN_UNREACHABLE_CODE = YES;
				CLANG_WARN__DUPLICATE_METHOD_MATCH = YES;
				COPY_PHASE_STRIP = NO;
				DEBUG_INFORMATION_FORMAT = "dwarf-with-dsym";
				ENABLE_NS_ASSERTIONS = NO;
				ENABLE_STRICT_OBJC_MSGSEND = YES;
				ENABLE_USER_SCRIPT_SANDBOXING = YES;
				GCC_C_LANGUAGE_STANDARD = gnu17;
				GCC_NO_COMMON_BLOCKS = YES;
				GCC_WARN_64_TO_32_BIT_CONVERSION = YES;
				GCC_WARN_ABOUT_RETURN_TYPE = YES_ERROR;
				GCC_WARN_UNDECLARED_SELECTOR = YES;
				GCC_WARN_UNINITIALIZED_AUTOS = YES_AGGRESSIVE;
				GCC_WARN_UNUSED_FUNCTION = YES;
				GCC_WARN_UNUSED_VARIABLE = YES;
				IPHONEOS_DEPLOYMENT_TARGET = 17.5;
				LOCALIZATION_PREFERS_STRING_CATALOGS = YES;
				MTL_ENABLE_DEBUG_INFO = NO;
				MTL_FAST_MATH = YES;
				SDKROOT = iphoneos;
				SWIFT_COMPILATION_MODE = wholemodule;
				VALIDATE_PRODUCT = YES;
			};
			name = Release;
		};
		046AFAC22C2EC30E008E5454 /* Debug */ = {
			isa = XCBuildConfiguration;
			buildSettings = {
				ASSETCATALOG_COMPILER_ALTERNATE_APPICON_NAMES = "AppIcon-Campfire AppIcon-Backpack AppIcon-Camera AppIcon-Mushroom AppIcon-Map AppIcon-MagnifyingGlass";
				ASSETCATALOG_COMPILER_APPICON_NAME = AppIcon;
				ASSETCATALOG_COMPILER_GLOBAL_ACCENT_COLOR_NAME = AccentColor;
				ASSETCATALOG_COMPILER_INCLUDE_ALL_APPICON_ASSETS = YES;
				CODE_SIGN_STYLE = Automatic;
				CURRENT_PROJECT_VERSION = 1;
				DEVELOPMENT_ASSET_PATHS = "\"HikeApp/Preview Content\"";
				DEVELOPMENT_TEAM = 37442GPKVJ;
				ENABLE_PREVIEWS = YES;
				GENERATE_INFOPLIST_FILE = YES;
				INFOPLIST_KEY_UIApplicationSceneManifest_Generation = YES;
				INFOPLIST_KEY_UIApplicationSupportsIndirectInputEvents = YES;
				INFOPLIST_KEY_UILaunchScreen_Generation = YES;
				INFOPLIST_KEY_UISupportedInterfaceOrientations_iPad = "UIInterfaceOrientationPortrait UIInterfaceOrientationPortraitUpsideDown UIInterfaceOrientationLandscapeLeft UIInterfaceOrientationLandscapeRight";
				INFOPLIST_KEY_UISupportedInterfaceOrientations_iPhone = "UIInterfaceOrientationPortrait UIInterfaceOrientationLandscapeLeft UIInterfaceOrientationLandscapeRight";
				LD_RUNPATH_SEARCH_PATHS = (
					"$(inherited)",
					"@executable_path/Frameworks",
				);
				MARKETING_VERSION = 1.0;
				PRODUCT_BUNDLE_IDENTIFIER = com.furkanislam.HikeApp;
				PRODUCT_NAME = "$(TARGET_NAME)";
				SWIFT_EMIT_LOC_STRINGS = YES;
				SWIFT_VERSION = 5.0;
				TARGETED_DEVICE_FAMILY = "1,2";
			};
			name = Debug;
		};
		046AFAC32C2EC30E008E5454 /* Release */ = {
			isa = XCBuildConfiguration;
			buildSettings = {
				ASSETCATALOG_COMPILER_ALTERNATE_APPICON_NAMES = "AppIcon-Campfire AppIcon-Backpack AppIcon-Camera AppIcon-Mushroom AppIcon-Map AppIcon-MagnifyingGlass";
				ASSETCATALOG_COMPILER_APPICON_NAME = AppIcon;
				ASSETCATALOG_COMPILER_GLOBAL_ACCENT_COLOR_NAME = AccentColor;
				ASSETCATALOG_COMPILER_INCLUDE_ALL_APPICON_ASSETS = YES;
				CODE_SIGN_STYLE = Automatic;
				CURRENT_PROJECT_VERSION = 1;
				DEVELOPMENT_ASSET_PATHS = "\"HikeApp/Preview Content\"";
				DEVELOPMENT_TEAM = 37442GPKVJ;
				ENABLE_PREVIEWS = YES;
				GENERATE_INFOPLIST_FILE = YES;
				INFOPLIST_KEY_UIApplicationSceneManifest_Generation = YES;
				INFOPLIST_KEY_UIApplicationSupportsIndirectInputEvents = YES;
				INFOPLIST_KEY_UILaunchScreen_Generation = YES;
				INFOPLIST_KEY_UISupportedInterfaceOrientations_iPad = "UIInterfaceOrientationPortrait UIInterfaceOrientationPortraitUpsideDown UIInterfaceOrientationLandscapeLeft UIInterfaceOrientationLandscapeRight";
				INFOPLIST_KEY_UISupportedInterfaceOrientations_iPhone = "UIInterfaceOrientationPortrait UIInterfaceOrientationLandscapeLeft UIInterfaceOrientationLandscapeRight";
				LD_RUNPATH_SEARCH_PATHS = (
					"$(inherited)",
					"@executable_path/Frameworks",
				);
				MARKETING_VERSION = 1.0;
				PRODUCT_BUNDLE_IDENTIFIER = com.furkanislam.HikeApp;
				PRODUCT_NAME = "$(TARGET_NAME)";
				SWIFT_EMIT_LOC_STRINGS = YES;
				SWIFT_VERSION = 5.0;
				TARGETED_DEVICE_FAMILY = "1,2";
			};
			name = Release;
		};
/* End XCBuildConfiguration section */

/* Begin XCConfigurationList section */
		046AFAAE2C2EC30D008E5454 /* Build configuration list for PBXProject "HikeApp" */ = {
			isa = XCConfigurationList;
			buildConfigurations = (
				046AFABF2C2EC30E008E5454 /* Debug */,
				046AFAC02C2EC30E008E5454 /* Release */,
			);
			defaultConfigurationIsVisible = 0;
			defaultConfigurationName = Release;
		};
		046AFAC12C2EC30E008E5454 /* Build configuration list for PBXNativeTarget "HikeApp" */ = {
			isa = XCConfigurationList;
			buildConfigurations = (
				046AFAC22C2EC30E008E5454 /* Debug */,
				046AFAC32C2EC30E008E5454 /* Release */,
			);
			defaultConfigurationIsVisible = 0;
			defaultConfigurationName = Release;
		};
/* End XCConfigurationList section */
	};
	rootObject = 046AFAAB2C2EC30D008E5454 /* Project object */;
}
